
Microsoft Visual Studio Solution File, Format Version 12.00
# Visual Studio Version 16
VisualStudioVersion = 16.0.29009.5
MinimumVisualStudioVersion = 10.0.40219.1
Project("{9A19103F-16F7-4668-BE54-9A1E7A4F7556}") = "query.sead.api", "query_sead_net\query.sead.api.csproj", "{97931AF2-4472-4579-B88C-42A742126231}"
EndProject
Project("{9A19103F-16F7-4668-BE54-9A1E7A4F7556}") = "query.sead.domain", "query_sead_core\query.sead.domain.csproj", "{7F3000DE-A4FA-4C75-9FF1-48D40E20ABF6}"
EndProject
Project("{9A19103F-16F7-4668-BE54-9A1E7A4F7556}") = "query.sead.tests", "query_sead_test\query.sead.tests.csproj", "{4807405E-C9E2-457B-A4CD-BA0A43640935}"
EndProject
Project("{2150E333-8FDC-42A3-9474-1A3956D46DE8}") = "Solution Items", "Solution Items", "{01CB666F-601C-4279-B756-5C06A6BA6B7A}"
	ProjectSection(SolutionItems) = preProject
		.gitignore = .gitignore
		deploy_query_sead = deploy_query_sead
		deploy_query_sead.bash = deploy_query_sead.bash
		Dockerfile.txt = Dockerfile.txt
		setup\pg_grant_read_to_db.bash = setup\pg_grant_read_to_db.bash
		publish_release.bat = publish_release.bat
		README.md = README.md
		..\..\..\..\.nuget\packages\redis-64\3.0.503\tools\redis.conf = ..\..\..\..\.nuget\packages\redis-64\3.0.503\tools\redis.conf
		..\..\..\..\.nuget\packages\redis-64\3.0.503\tools\redis.windows-service.conf = ..\..\..\..\.nuget\packages\redis-64\3.0.503\tools\redis.windows-service.conf
		..\..\..\..\.nuget\packages\redis-64\3.0.503\tools\redis.windows.conf = ..\..\..\..\.nuget\packages\redis-64\3.0.503\tools\redis.windows.conf
	EndProjectSection
EndProject
Project("{2150E333-8FDC-42A3-9474-1A3956D46DE8}") = "Conf", "Conf", "{E07C014F-0A85-48D9-B035-B06F12A78C83}"
	ProjectSection(SolutionItems) = preProject
		conf\appsettings.Debug.json = conf\appsettings.Debug.json
		conf\appsettings.Release.json = conf\appsettings.Release.json
		conf\appsettings.Test.json = conf\appsettings.Test.json
	EndProjectSection
EndProject
Project("{E53339B2-1760-4266-BCC7-CA923CBCF16C}") = "docker-compose", "docker-compose.dcproj", "{FFDFD35B-1A98-438C-A64A-62184E6A0CCF}"
EndProject
Project("{2150E333-8FDC-42A3-9474-1A3956D46DE8}") = "Application", "Application", "{282293AA-9BF2-4511-8FAE-D97CB6CEF3A3}"
EndProject
Project("{2150E333-8FDC-42A3-9474-1A3956D46DE8}") = "Domain", "Domain", "{91E169A7-34D7-4F39-A86C-87AA3A56C417}"
EndProject
Project("{2150E333-8FDC-42A3-9474-1A3956D46DE8}") = "Test", "Test", "{CC1D37CF-86B3-4B9F-875B-6E181984FA7C}"
EndProject
Project("{2150E333-8FDC-42A3-9474-1A3956D46DE8}") = "Infrastructure", "Infrastructure", "{F2DEF21D-4082-43F6-864E-BE7DB6A743A9}"
EndProject
Global
	GlobalSection(SolutionConfigurationPlatforms) = preSolution
		Debug|Any CPU = Debug|Any CPU
		Release|Any CPU = Release|Any CPU
	EndGlobalSection
	GlobalSection(ProjectConfigurationPlatforms) = postSolution
		{97931AF2-4472-4579-B88C-42A742126231}.Debug|Any CPU.ActiveCfg = Debug|Any CPU
		{97931AF2-4472-4579-B88C-42A742126231}.Debug|Any CPU.Build.0 = Debug|Any CPU
		{97931AF2-4472-4579-B88C-42A742126231}.Release|Any CPU.ActiveCfg = Release|Any CPU
		{97931AF2-4472-4579-B88C-42A742126231}.Release|Any CPU.Build.0 = Release|Any CPU
		{7F3000DE-A4FA-4C75-9FF1-48D40E20ABF6}.Debug|Any CPU.ActiveCfg = Debug|Any CPU
		{7F3000DE-A4FA-4C75-9FF1-48D40E20ABF6}.Debug|Any CPU.Build.0 = Debug|Any CPU
		{7F3000DE-A4FA-4C75-9FF1-48D40E20ABF6}.Release|Any CPU.ActiveCfg = Release|Any CPU
		{7F3000DE-A4FA-4C75-9FF1-48D40E20ABF6}.Release|Any CPU.Build.0 = Release|Any CPU
		{4807405E-C9E2-457B-A4CD-BA0A43640935}.Debug|Any CPU.ActiveCfg = Debug|Any CPU
		{4807405E-C9E2-457B-A4CD-BA0A43640935}.Debug|Any CPU.Build.0 = Debug|Any CPU
		{4807405E-C9E2-457B-A4CD-BA0A43640935}.Release|Any CPU.ActiveCfg = Release|Any CPU
		{4807405E-C9E2-457B-A4CD-BA0A43640935}.Release|Any CPU.Build.0 = Release|Any CPU
		{FFDFD35B-1A98-438C-A64A-62184E6A0CCF}.Debug|Any CPU.ActiveCfg = Debug|Any CPU
		{FFDFD35B-1A98-438C-A64A-62184E6A0CCF}.Debug|Any CPU.Build.0 = Debug|Any CPU
		{FFDFD35B-1A98-438C-A64A-62184E6A0CCF}.Release|Any CPU.ActiveCfg = Release|Any CPU
		{FFDFD35B-1A98-438C-A64A-62184E6A0CCF}.Release|Any CPU.Build.0 = Release|Any CPU
	EndGlobalSection
	GlobalSection(SolutionProperties) = preSolution
		HideSolutionNode = FALSE
	EndGlobalSection
	GlobalSection(NestedProjects) = preSolution
		{E07C014F-0A85-48D9-B035-B06F12A78C83} = {01CB666F-601C-4279-B756-5C06A6BA6B7A}
	EndGlobalSection
	GlobalSection(ExtensibilityGlobals) = postSolution
		SolutionGuid = {5283932E-66A7-41F3-9EEE-C02D5737EFC6}
	EndGlobalSection
EndGlobal
